
Microsoft Visual Studio Solution File, Format Version 12.00
# Visual Studio 15
VisualStudioVersion = 15.0.28010.2046
MinimumVisualStudioVersion = 10.0.40219.1
Project("{FAE04EC0-301F-11D3-BF4B-00C04F79EFBC}") = "ProjectIndigoPlus", "ProjectIndigoPlus\ProjectIndigoPlus.csproj", "{3199721C-5744-4594-AD89-8452BB4491DF}"
EndProject
Global
	GlobalSection(SolutionConfigurationPlatforms) = preSolution
		Debug|Any CPU = Debug|Any CPU
		Release|Any CPU = Release|Any CPU
	EndGlobalSection
	GlobalSection(ProjectConfigurationPlatforms) = postSolution
		{3199721C-5744-4594-AD89-8452BB4491DF}.Debug|Any CPU.ActiveCfg = Debug|Any CPU
		{3199721C-5744-4594-AD89-8452BB4491DF}.Debug|Any CPU.Build.0 = Debug|Any CPU
		{3199721C-5744-4594-AD89-8452BB4491DF}.Release|Any CPU.ActiveCfg = Release|Any CPU
		{3199721C-5744-4594-AD89-8452BB4491DF}.Release|Any CPU.Build.0 = Release|Any CPU
	EndGlobalSection
	GlobalSection(SolutionProperties) = preSolution
		HideSolutionNode = FALSE
	EndGlobalSection
	GlobalSection(ExtensibilityGlobals) = postSolution
		SolutionGuid = {6E3127AA-396F-4560-A6F4-615D98BB32D7}
	EndGlobalSection
EndGlobal
